
Microsoft Visual Studio Solution File, Format Version 12.00
# Visual Studio Version 17
VisualStudioVersion = 17.1.32421.90
MinimumVisualStudioVersion = 10.0.40219.1
Project("{FAE04EC0-301F-11D3-BF4B-00C04F79EFBC}") = "BlazorApp1", "BlazorApp1.csproj", "{3DEF1E26-DAEA-469A-9C03-129D41F928B1}"
EndProject
Global
	GlobalSection(SolutionConfigurationPlatforms) = preSolution
		Debug|Any CPU = Debug|Any CPU
		Release|Any CPU = Release|Any CPU
	EndGlobalSection
	GlobalSection(ProjectConfigurationPlatforms) = postSolution
		{3DEF1E26-DAEA-469A-9C03-129D41F928B1}.Debug|Any CPU.ActiveCfg = Debug|Any CPU
		{3DEF1E26-DAEA-469A-9C03-129D41F928B1}.Debug|Any CPU.Build.0 = Debug|Any CPU
		{3DEF1E26-DAEA-469A-9C03-129D41F928B1}.Release|Any CPU.ActiveCfg = Release|Any CPU
		{3DEF1E26-DAEA-469A-9C03-129D41F928B1}.Release|Any CPU.Build.0 = Release|Any CPU
	EndGlobalSection
	GlobalSection(SolutionProperties) = preSolution
		HideSolutionNode = FALSE
	EndGlobalSection
	GlobalSection(ExtensibilityGlobals) = postSolution
		SolutionGuid = {0012A732-D024-417A-B6E3-5BBFA24939B4}
	EndGlobalSection
EndGlobal
